
Microsoft Visual Studio Solution File, Format Version 12.00
# Visual Studio 15
VisualStudioVersion = 15.0.28010.2041
MinimumVisualStudioVersion = 10.0.40219.1
Project("{FAE04EC0-301F-11D3-BF4B-00C04F79EFBC}") = "AC Configurator", "src\AC Configurator\AC Configurator.csproj", "{277D7EEA-5964-4BC8-B7C4-2CE00725E3FB}"
EndProject
Global
	GlobalSection(SolutionConfigurationPlatforms) = preSolution
		Debug|Any CPU = Debug|Any CPU
		Release|Any CPU = Release|Any CPU
	EndGlobalSection
	GlobalSection(ProjectConfigurationPlatforms) = postSolution
		{277D7EEA-5964-4BC8-B7C4-2CE00725E3FB}.Debug|Any CPU.ActiveCfg = Debug|Any CPU
		{277D7EEA-5964-4BC8-B7C4-2CE00725E3FB}.Debug|Any CPU.Build.0 = Debug|Any CPU
		{277D7EEA-5964-4BC8-B7C4-2CE00725E3FB}.Release|Any CPU.ActiveCfg = Release|Any CPU
		{277D7EEA-5964-4BC8-B7C4-2CE00725E3FB}.Release|Any CPU.Build.0 = Release|Any CPU
	EndGlobalSection
	GlobalSection(SolutionProperties) = preSolution
		HideSolutionNode = FALSE
	EndGlobalSection
	GlobalSection(ExtensibilityGlobals) = postSolution
		SolutionGuid = {00F0CB8D-3A91-4EB7-BC94-0F2EC49B3AC3}
	EndGlobalSection
EndGlobal
